# generated by rye
# use `rye lock` or `rye sync` to update this lockfile
#
# last locked with the following flags:
#   pre: false
#   features: []
#   all-features: false
#   with-sources: false
#   generate-hashes: false
#   universal: false

-e file:.
annotated-types==0.7.0
    # via pydantic
backtrader==1.9.78.123
    # via moonedge
beautifulsoup4==4.12.3
    # via yfinance
black==24.10.0
certifi==2024.8.30
    # via requests
cffi==1.17.1
    # via cryptography
charset-normalizer==3.4.0
    # via requests
click==8.1.7
    # via black
    # via typer
cryptography==43.0.3
    # via robin-stocks
deap==1.4.1
    # via moonedge
ephem==4.1.6
    # via moonedge
flake8==7.1.1
frozendict==2.4.6
    # via yfinance
html5lib==1.1
    # via yfinance
idna==3.10
    # via requests
iniconfig==2.0.0
    # via pytest
lxml==5.3.0
    # via yfinance
markdown-it-py==3.0.0
    # via rich
mccabe==0.7.0
    # via flake8
mdurl==0.1.2
    # via markdown-it-py
multitasking==0.0.11
    # via yfinance
mypy-extensions==1.0.0
    # via black
numpy==2.1.3
    # via deap
    # via moonedge
    # via pandas
    # via yfinance
packaging==24.2
    # via black
    # via pytest
pandas==2.2.3
    # via moonedge
    # via yfinance
pathspec==0.12.1
    # via black
peewee==3.17.8
    # via yfinance
platformdirs==4.3.6
    # via black
    # via yfinance
pluggy==1.5.0
    # via pytest
pycodestyle==2.12.1
    # via flake8
pycparser==2.22
    # via cffi
pydantic==2.9.2
    # via moonedge
pydantic-core==2.23.4
    # via pydantic
pyflakes==3.2.0
    # via flake8
pygments==2.18.0
    # via rich
pyotp==2.9.0
    # via robin-stocks
pytest==8.3.3
python-dateutil==2.9.0.post0
    # via pandas
python-dotenv==1.0.1
    # via robin-stocks
pytz==2024.2
    # via pandas
    # via yfinance
requests==2.32.3
    # via robin-stocks
    # via yfinance
rich==13.9.4
    # via moonedge
    # via typer
robin-stocks==3.2.1
    # via moonedge
shellingham==1.5.4
    # via typer
six==1.16.0
    # via html5lib
    # via python-dateutil
soupsieve==2.6
    # via beautifulsoup4
typer==0.13.1
    # via moonedge
typing-extensions==4.12.2
    # via pydantic
    # via pydantic-core
    # via typer
tzdata==2024.2
    # via pandas
urllib3==2.2.3
    # via requests
webencodings==0.5.1
    # via html5lib
yfinance==0.2.49
    # via moonedge
